
Microsoft Visual Studio Solution File, Format Version 12.00
# Visual Studio Version 16
VisualStudioVersion = 16.0.29911.84
MinimumVisualStudioVersion = 10.0.40219.1
Project("{FAE04EC0-301F-11D3-BF4B-00C04F79EFBC}") = "ArchiFolioWebApp", "ArchiFolioWebApp\ArchiFolioWebApp.csproj", "{25B97267-5952-443F-AE12-891B520919A8}"
EndProject
Project("{FAE04EC0-301F-11D3-BF4B-00C04F79EFBC}") = "ArchiFolioWebApp.Tests", "ArchiFolioWebApp.Tests\ArchiFolioWebApp.Tests.csproj", "{C420A849-F1EA-42FB-A07A-0E8FA54C2ACF}"
EndProject
Project("{00D1A9C2-B5F0-4AF3-8072-F6C62B433612}") = "ArchiFolioDB", "ArchiFolioDB\ArchiFolioDB.sqlproj", "{FA5A135A-B9C7-4BA8-8AC8-B83D5B13FDBC}"
EndProject
Project("{FAE04EC0-301F-11D3-BF4B-00C04F79EFBC}") = "DataLibrary", "DataLibrary\DataLibrary.csproj", "{F7DB37FA-206B-4BA2-9522-D23BF20B13D3}"
EndProject
Global
	GlobalSection(SolutionConfigurationPlatforms) = preSolution
		Debug|Any CPU = Debug|Any CPU
		Release|Any CPU = Release|Any CPU
	EndGlobalSection
	GlobalSection(ProjectConfigurationPlatforms) = postSolution
		{25B97267-5952-443F-AE12-891B520919A8}.Debug|Any CPU.ActiveCfg = Debug|Any CPU
		{25B97267-5952-443F-AE12-891B520919A8}.Debug|Any CPU.Build.0 = Debug|Any CPU
		{25B97267-5952-443F-AE12-891B520919A8}.Release|Any CPU.ActiveCfg = Release|Any CPU
		{25B97267-5952-443F-AE12-891B520919A8}.Release|Any CPU.Build.0 = Release|Any CPU
		{C420A849-F1EA-42FB-A07A-0E8FA54C2ACF}.Debug|Any CPU.ActiveCfg = Debug|Any CPU
		{C420A849-F1EA-42FB-A07A-0E8FA54C2ACF}.Debug|Any CPU.Build.0 = Debug|Any CPU
		{C420A849-F1EA-42FB-A07A-0E8FA54C2ACF}.Release|Any CPU.ActiveCfg = Release|Any CPU
		{C420A849-F1EA-42FB-A07A-0E8FA54C2ACF}.Release|Any CPU.Build.0 = Release|Any CPU
		{FA5A135A-B9C7-4BA8-8AC8-B83D5B13FDBC}.Debug|Any CPU.ActiveCfg = Debug|Any CPU
		{FA5A135A-B9C7-4BA8-8AC8-B83D5B13FDBC}.Debug|Any CPU.Build.0 = Debug|Any CPU
		{FA5A135A-B9C7-4BA8-8AC8-B83D5B13FDBC}.Debug|Any CPU.Deploy.0 = Debug|Any CPU
		{FA5A135A-B9C7-4BA8-8AC8-B83D5B13FDBC}.Release|Any CPU.ActiveCfg = Release|Any CPU
		{FA5A135A-B9C7-4BA8-8AC8-B83D5B13FDBC}.Release|Any CPU.Build.0 = Release|Any CPU
		{FA5A135A-B9C7-4BA8-8AC8-B83D5B13FDBC}.Release|Any CPU.Deploy.0 = Release|Any CPU
		{F7DB37FA-206B-4BA2-9522-D23BF20B13D3}.Debug|Any CPU.ActiveCfg = Debug|Any CPU
		{F7DB37FA-206B-4BA2-9522-D23BF20B13D3}.Debug|Any CPU.Build.0 = Debug|Any CPU
		{F7DB37FA-206B-4BA2-9522-D23BF20B13D3}.Release|Any CPU.ActiveCfg = Release|Any CPU
		{F7DB37FA-206B-4BA2-9522-D23BF20B13D3}.Release|Any CPU.Build.0 = Release|Any CPU
	EndGlobalSection
	GlobalSection(SolutionProperties) = preSolution
		HideSolutionNode = FALSE
	EndGlobalSection
	GlobalSection(ExtensibilityGlobals) = postSolution
		SolutionGuid = {FE6439E8-41CB-4321-A16F-F657C930C8BF}
	EndGlobalSection
EndGlobal
